
Microsoft Visual Studio Solution File, Format Version 12.00
# Visual Studio Version 17
VisualStudioVersion = 17.3.32929.385
MinimumVisualStudioVersion = 10.0.40219.1
Project("{FAE04EC0-301F-11D3-BF4B-00C04F79EFBC}") = "Calculator", "Calculator\Calculator.csproj", "{30CE3FA7-D3A0-4EB2-BF63-BDE70AC29A9A}"
EndProject
Global
	GlobalSection(SolutionConfigurationPlatforms) = preSolution
		Debug|Any CPU = Debug|Any CPU
		Release|Any CPU = Release|Any CPU
	EndGlobalSection
	GlobalSection(ProjectConfigurationPlatforms) = postSolution
		{30CE3FA7-D3A0-4EB2-BF63-BDE70AC29A9A}.Debug|Any CPU.ActiveCfg = Debug|Any CPU
		{30CE3FA7-D3A0-4EB2-BF63-BDE70AC29A9A}.Debug|Any CPU.Build.0 = Debug|Any CPU
		{30CE3FA7-D3A0-4EB2-BF63-BDE70AC29A9A}.Release|Any CPU.ActiveCfg = Release|Any CPU
		{30CE3FA7-D3A0-4EB2-BF63-BDE70AC29A9A}.Release|Any CPU.Build.0 = Release|Any CPU
	EndGlobalSection
	GlobalSection(SolutionProperties) = preSolution
		HideSolutionNode = FALSE
	EndGlobalSection
	GlobalSection(ExtensibilityGlobals) = postSolution
		SolutionGuid = {6C4F1869-D008-43AE-BE8E-3FC6C2938312}
	EndGlobalSection
EndGlobal
